# This file is generated by running "yarn install" inside your project.
# Manual changes might be lost - proceed with caution!

__metadata:
  version: 8
  cacheKey: 10c0

"@types/node@npm:^25.3.5":
  version: 25.3.5
  resolution: "@types/node@npm:25.3.5"
  dependencies:
    undici-types: "npm:~7.18.0"
  checksum: 10c0/4cf0834a6f6933bf0aca6afead117ae3db3b8f02a5f7187a24f871db0fb9344e5e46573ba387bc53b7505e1e219c4c535cbe67221ced95bb5ad98573223b19d0
  languageName: node
  linkType: hard

"lets-do-it-in-js@workspace:.":
  version: 0.0.0-use.local
  resolution: "lets-do-it-in-js@workspace:."
  dependencies:
    "@types/node": "npm:^25.3.5"
    yaml: "npm:^2.8.2"
  languageName: unknown
  linkType: soft

"undici-types@npm:~7.18.0":
  version: 7.18.2
  resolution: "undici-types@npm:7.18.2"
  checksum: 10c0/85a79189113a238959d7a647368e4f7c5559c3a404ebdb8fc4488145ce9426fcd82252a844a302798dfc0e37e6fb178ff481ed03bc4caf634c5757d9ef43521d
  languageName: node
  linkType: hard

"yaml@npm:^2.8.2":
  version: 2.8.2
  resolution: "yaml@npm:2.8.2"
  bin:
    yaml: bin.mjs
  checksum: 10c0/703e4dc1e34b324aa66876d63618dcacb9ed49f7e7fe9b70f1e703645be8d640f68ab84f12b86df8ac960bac37acf5513e115de7c970940617ce0343c8c9cd96
  languageName: node
  linkType: hard
